
Microsoft Visual Studio Solution File, Format Version 12.00
# Visual Studio Version 17
VisualStudioVersion = 17.10.35013.160
MinimumVisualStudioVersion = 10.0.40219.1
Project("{FAE04EC0-301F-11D3-BF4B-00C04F79EFBC}") = "YouTubeKeywordGenerator", "YouTubeKeywordGenerator.csproj", "{38B4B974-F0CA-4C4C-9CAE-504B2E02D78F}"
EndProject
Global
	GlobalSection(SolutionConfigurationPlatforms) = preSolution
		Debug|Any CPU = Debug|Any CPU
		Release|Any CPU = Release|Any CPU
	EndGlobalSection
	GlobalSection(ProjectConfigurationPlatforms) = postSolution
		{38B4B974-F0CA-4C4C-9CAE-504B2E02D78F}.Debug|Any CPU.ActiveCfg = Debug|Any CPU
		{38B4B974-F0CA-4C4C-9CAE-504B2E02D78F}.Debug|Any CPU.Build.0 = Debug|Any CPU
		{38B4B974-F0CA-4C4C-9CAE-504B2E02D78F}.Release|Any CPU.ActiveCfg = Release|Any CPU
		{38B4B974-F0CA-4C4C-9CAE-504B2E02D78F}.Release|Any CPU.Build.0 = Release|Any CPU
	EndGlobalSection
	GlobalSection(SolutionProperties) = preSolution
		HideSolutionNode = FALSE
	EndGlobalSection
	GlobalSection(ExtensibilityGlobals) = postSolution
		SolutionGuid = {372CC1F8-66BB-4A84-B7AE-F90674A271A8}
	EndGlobalSection
EndGlobal
